
Microsoft Visual Studio Solution File, Format Version 12.00
# Visual Studio Version 17
VisualStudioVersion = 17.0.32014.148
MinimumVisualStudioVersion = 10.0.40219.1
Project("{FAE04EC0-301F-11D3-BF4B-00C04F79EFBC}") = "WebApplication_IsPostBack", "WebApplication_IsPostBack\WebApplication_IsPostBack.csproj", "{19498F88-C3A7-4437-A36F-FC0CEFED1ED1}"
EndProject
Global
	GlobalSection(SolutionConfigurationPlatforms) = preSolution
		Debug|Any CPU = Debug|Any CPU
		Release|Any CPU = Release|Any CPU
	EndGlobalSection
	GlobalSection(ProjectConfigurationPlatforms) = postSolution
		{19498F88-C3A7-4437-A36F-FC0CEFED1ED1}.Debug|Any CPU.ActiveCfg = Debug|Any CPU
		{19498F88-C3A7-4437-A36F-FC0CEFED1ED1}.Debug|Any CPU.Build.0 = Debug|Any CPU
		{19498F88-C3A7-4437-A36F-FC0CEFED1ED1}.Release|Any CPU.ActiveCfg = Release|Any CPU
		{19498F88-C3A7-4437-A36F-FC0CEFED1ED1}.Release|Any CPU.Build.0 = Release|Any CPU
	EndGlobalSection
	GlobalSection(SolutionProperties) = preSolution
		HideSolutionNode = FALSE
	EndGlobalSection
	GlobalSection(ExtensibilityGlobals) = postSolution
		SolutionGuid = {3959C162-A128-428A-A439-1E579516250F}
	EndGlobalSection
EndGlobal
